
Microsoft Visual Studio Solution File, Format Version 12.00
# Visual Studio 14
VisualStudioVersion = 14.0.25420.1
MinimumVisualStudioVersion = 10.0.40219.1
Project("{FAE04EC0-301F-11D3-BF4B-00C04F79EFBC}") = "Live Map", "Live Map\Live Map.csproj", "{15269C18-91AF-4129-8FA0-3601D1B0C6D2}"
EndProject
Global
	GlobalSection(SolutionConfigurationPlatforms) = preSolution
		Debug|Any CPU = Debug|Any CPU
		Debug|Unix = Debug|Unix
		Release|Any CPU = Release|Any CPU
		Release|Unix = Release|Unix
	EndGlobalSection
	GlobalSection(ProjectConfigurationPlatforms) = postSolution
		{15269C18-91AF-4129-8FA0-3601D1B0C6D2}.Debug|Any CPU.ActiveCfg = Debug|Any CPU
		{15269C18-91AF-4129-8FA0-3601D1B0C6D2}.Debug|Any CPU.Build.0 = Debug|Any CPU
		{15269C18-91AF-4129-8FA0-3601D1B0C6D2}.Debug|Unix.ActiveCfg = Debug|Any CPU
		{15269C18-91AF-4129-8FA0-3601D1B0C6D2}.Release|Any CPU.ActiveCfg = Release|Any CPU
		{15269C18-91AF-4129-8FA0-3601D1B0C6D2}.Release|Any CPU.Build.0 = Release|Any CPU
		{15269C18-91AF-4129-8FA0-3601D1B0C6D2}.Release|Unix.ActiveCfg = Release|Unix
		{15269C18-91AF-4129-8FA0-3601D1B0C6D2}.Release|Unix.Build.0 = Release|Unix
	EndGlobalSection
	GlobalSection(SolutionProperties) = preSolution
		HideSolutionNode = FALSE
	EndGlobalSection
EndGlobal
